
Microsoft Visual Studio Solution File, Format Version 12.00
# Visual Studio 15
VisualStudioVersion = 15.0.28010.2019
MinimumVisualStudioVersion = 10.0.40219.1
Project("{8BC9CEB8-8B4A-11D0-8D11-00A0C91BC942}") = "CountWord", "CountWord\CountWord.vcxproj", "{69C375F7-7057-4CF3-B017-76E90A281EBA}"
EndProject
Global
	GlobalSection(SolutionConfigurationPlatforms) = preSolution
		Debug|x64 = Debug|x64
		Debug|x86 = Debug|x86
		Release|x64 = Release|x64
		Release|x86 = Release|x86
	EndGlobalSection
	GlobalSection(ProjectConfigurationPlatforms) = postSolution
		{69C375F7-7057-4CF3-B017-76E90A281EBA}.Debug|x64.ActiveCfg = Debug|x64
		{69C375F7-7057-4CF3-B017-76E90A281EBA}.Debug|x64.Build.0 = Debug|x64
		{69C375F7-7057-4CF3-B017-76E90A281EBA}.Debug|x86.ActiveCfg = Debug|Win32
		{69C375F7-7057-4CF3-B017-76E90A281EBA}.Debug|x86.Build.0 = Debug|Win32
		{69C375F7-7057-4CF3-B017-76E90A281EBA}.Release|x64.ActiveCfg = Release|x64
		{69C375F7-7057-4CF3-B017-76E90A281EBA}.Release|x64.Build.0 = Release|x64
		{69C375F7-7057-4CF3-B017-76E90A281EBA}.Release|x86.ActiveCfg = Release|Win32
		{69C375F7-7057-4CF3-B017-76E90A281EBA}.Release|x86.Build.0 = Release|Win32
	EndGlobalSection
	GlobalSection(SolutionProperties) = preSolution
		HideSolutionNode = FALSE
	EndGlobalSection
	GlobalSection(ExtensibilityGlobals) = postSolution
		SolutionGuid = {D2BFC324-2189-463B-B1BC-88D2377235D1}
	EndGlobalSection
EndGlobal
