
Microsoft Visual Studio Solution File, Format Version 12.00
# Visual Studio 15
VisualStudioVersion = 15.0.28010.2019
MinimumVisualStudioVersion = 10.0.40219.1
Project("{8BC9CEB8-8B4A-11D0-8D11-00A0C91BC942}") = "Project1", "Project1\Project1.vcxproj", "{D211E0A4-D5EF-4B3D-BC53-EA0B6D2E1325}"
EndProject
Global
	GlobalSection(Performance) = preSolution
		HasPerformanceSessions = true
	EndGlobalSection
	GlobalSection(SolutionConfigurationPlatforms) = preSolution
		Debug|x64 = Debug|x64
		Debug|x86 = Debug|x86
		Release|x64 = Release|x64
		Release|x86 = Release|x86
	EndGlobalSection
	GlobalSection(ProjectConfigurationPlatforms) = postSolution
		{D211E0A4-D5EF-4B3D-BC53-EA0B6D2E1325}.Debug|x64.ActiveCfg = Debug|x64
		{D211E0A4-D5EF-4B3D-BC53-EA0B6D2E1325}.Debug|x64.Build.0 = Debug|x64
		{D211E0A4-D5EF-4B3D-BC53-EA0B6D2E1325}.Debug|x86.ActiveCfg = Debug|Win32
		{D211E0A4-D5EF-4B3D-BC53-EA0B6D2E1325}.Debug|x86.Build.0 = Debug|Win32
		{D211E0A4-D5EF-4B3D-BC53-EA0B6D2E1325}.Release|x64.ActiveCfg = Release|x64
		{D211E0A4-D5EF-4B3D-BC53-EA0B6D2E1325}.Release|x64.Build.0 = Release|x64
		{D211E0A4-D5EF-4B3D-BC53-EA0B6D2E1325}.Release|x86.ActiveCfg = Release|Win32
		{D211E0A4-D5EF-4B3D-BC53-EA0B6D2E1325}.Release|x86.Build.0 = Release|Win32
	EndGlobalSection
	GlobalSection(SolutionProperties) = preSolution
		HideSolutionNode = FALSE
	EndGlobalSection
	GlobalSection(ExtensibilityGlobals) = postSolution
		SolutionGuid = {EA79E9FF-6AE3-431F-8A9E-9A5FA3B4D1B7}
	EndGlobalSection
EndGlobal
