
Microsoft Visual Studio Solution File, Format Version 12.00
# Visual Studio 15
VisualStudioVersion = 15.0.28010.2016
MinimumVisualStudioVersion = 10.0.40219.1
Project("{8BC9CEB8-8B4A-11D0-8D11-00A0C91BC942}") = "Project4", "Project4\Project4.vcxproj", "{2409964E-AE76-4B0D-867F-E44F54DDADA1}"
EndProject
Global
	GlobalSection(SolutionConfigurationPlatforms) = preSolution
		Debug|x64 = Debug|x64
		Debug|x86 = Debug|x86
		Release|x64 = Release|x64
		Release|x86 = Release|x86
	EndGlobalSection
	GlobalSection(ProjectConfigurationPlatforms) = postSolution
		{2409964E-AE76-4B0D-867F-E44F54DDADA1}.Debug|x64.ActiveCfg = Debug|x64
		{2409964E-AE76-4B0D-867F-E44F54DDADA1}.Debug|x64.Build.0 = Debug|x64
		{2409964E-AE76-4B0D-867F-E44F54DDADA1}.Debug|x86.ActiveCfg = Debug|Win32
		{2409964E-AE76-4B0D-867F-E44F54DDADA1}.Debug|x86.Build.0 = Debug|Win32
		{2409964E-AE76-4B0D-867F-E44F54DDADA1}.Release|x64.ActiveCfg = Release|x64
		{2409964E-AE76-4B0D-867F-E44F54DDADA1}.Release|x64.Build.0 = Release|x64
		{2409964E-AE76-4B0D-867F-E44F54DDADA1}.Release|x86.ActiveCfg = Release|Win32
		{2409964E-AE76-4B0D-867F-E44F54DDADA1}.Release|x86.Build.0 = Release|Win32
	EndGlobalSection
	GlobalSection(SolutionProperties) = preSolution
		HideSolutionNode = FALSE
	EndGlobalSection
	GlobalSection(ExtensibilityGlobals) = postSolution
		SolutionGuid = {C5D53D2F-BCC6-4AFB-BBE3-D6203CFF94F8}
	EndGlobalSection
EndGlobal
