
Microsoft Visual Studio Solution File, Format Version 12.00
# Visual Studio 15
VisualStudioVersion = 15.0.28010.2003
MinimumVisualStudioVersion = 10.0.40219.1
Project("{8BC9CEB8-8B4A-11D0-8D11-00A0C91BC942}") = "WordCount", "WordCount\WordCount.vcxproj", "{24533965-513F-47EF-8AAD-3CBDB1D52ABE}"
EndProject
Global
	GlobalSection(SolutionConfigurationPlatforms) = preSolution
		Debug|x64 = Debug|x64
		Debug|x86 = Debug|x86
		Release|x64 = Release|x64
		Release|x86 = Release|x86
	EndGlobalSection
	GlobalSection(ProjectConfigurationPlatforms) = postSolution
		{24533965-513F-47EF-8AAD-3CBDB1D52ABE}.Debug|x64.ActiveCfg = Debug|x64
		{24533965-513F-47EF-8AAD-3CBDB1D52ABE}.Debug|x64.Build.0 = Debug|x64
		{24533965-513F-47EF-8AAD-3CBDB1D52ABE}.Debug|x86.ActiveCfg = Debug|Win32
		{24533965-513F-47EF-8AAD-3CBDB1D52ABE}.Debug|x86.Build.0 = Debug|Win32
		{24533965-513F-47EF-8AAD-3CBDB1D52ABE}.Release|x64.ActiveCfg = Release|x64
		{24533965-513F-47EF-8AAD-3CBDB1D52ABE}.Release|x64.Build.0 = Release|x64
		{24533965-513F-47EF-8AAD-3CBDB1D52ABE}.Release|x86.ActiveCfg = Release|Win32
		{24533965-513F-47EF-8AAD-3CBDB1D52ABE}.Release|x86.Build.0 = Release|Win32
	EndGlobalSection
	GlobalSection(SolutionProperties) = preSolution
		HideSolutionNode = FALSE
	EndGlobalSection
	GlobalSection(ExtensibilityGlobals) = postSolution
		SolutionGuid = {60875FB7-C3E3-43EE-94D9-F5C2D259343F}
	EndGlobalSection
EndGlobal
