
Microsoft Visual Studio Solution File, Format Version 12.00
# Visual Studio 15
VisualStudioVersion = 15.0.28010.2016
MinimumVisualStudioVersion = 10.0.40219.1
Project("{8BC9CEB8-8B4A-11D0-8D11-00A0C91BC942}") = "WordCount", "WordCount\WordCount.vcxproj", "{A7119FF3-3E06-4C56-84BF-10C51D1FBFB2}"
EndProject
Project("{8BC9CEB8-8B4A-11D0-8D11-00A0C91BC942}") = "MyUnitTest", "MyUnitTest\MyUnitTest.vcxproj", "{46A2F18F-8A5D-4A7B-88E9-318A03967657}"
EndProject
Global
	GlobalSection(SolutionConfigurationPlatforms) = preSolution
		Debug|x64 = Debug|x64
		Debug|x86 = Debug|x86
		Release|x64 = Release|x64
		Release|x86 = Release|x86
	EndGlobalSection
	GlobalSection(ProjectConfigurationPlatforms) = postSolution
		{A7119FF3-3E06-4C56-84BF-10C51D1FBFB2}.Debug|x64.ActiveCfg = Debug|x64
		{A7119FF3-3E06-4C56-84BF-10C51D1FBFB2}.Debug|x64.Build.0 = Debug|x64
		{A7119FF3-3E06-4C56-84BF-10C51D1FBFB2}.Debug|x86.ActiveCfg = Debug|Win32
		{A7119FF3-3E06-4C56-84BF-10C51D1FBFB2}.Debug|x86.Build.0 = Debug|Win32
		{A7119FF3-3E06-4C56-84BF-10C51D1FBFB2}.Release|x64.ActiveCfg = Release|x64
		{A7119FF3-3E06-4C56-84BF-10C51D1FBFB2}.Release|x64.Build.0 = Release|x64
		{A7119FF3-3E06-4C56-84BF-10C51D1FBFB2}.Release|x86.ActiveCfg = Release|Win32
		{A7119FF3-3E06-4C56-84BF-10C51D1FBFB2}.Release|x86.Build.0 = Release|Win32
		{46A2F18F-8A5D-4A7B-88E9-318A03967657}.Debug|x64.ActiveCfg = Debug|x64
		{46A2F18F-8A5D-4A7B-88E9-318A03967657}.Debug|x64.Build.0 = Debug|x64
		{46A2F18F-8A5D-4A7B-88E9-318A03967657}.Debug|x86.ActiveCfg = Debug|Win32
		{46A2F18F-8A5D-4A7B-88E9-318A03967657}.Debug|x86.Build.0 = Debug|Win32
		{46A2F18F-8A5D-4A7B-88E9-318A03967657}.Release|x64.ActiveCfg = Release|x64
		{46A2F18F-8A5D-4A7B-88E9-318A03967657}.Release|x64.Build.0 = Release|x64
		{46A2F18F-8A5D-4A7B-88E9-318A03967657}.Release|x86.ActiveCfg = Release|Win32
		{46A2F18F-8A5D-4A7B-88E9-318A03967657}.Release|x86.Build.0 = Release|Win32
	EndGlobalSection
	GlobalSection(SolutionProperties) = preSolution
		HideSolutionNode = FALSE
	EndGlobalSection
	GlobalSection(ExtensibilityGlobals) = postSolution
		SolutionGuid = {513DA0B3-265F-45C8-94F3-9337E8B99019}
	EndGlobalSection
EndGlobal
