
Microsoft Visual Studio Solution File, Format Version 12.00
# Visual Studio 15
VisualStudioVersion = 15.0.28010.2019
MinimumVisualStudioVersion = 10.0.40219.1
Project("{8BC9CEB8-8B4A-11D0-8D11-00A0C91BC942}") = "WordCount", "WordCount\WordCount.vcxproj", "{969F6E9B-5079-4C49-B4D6-CD174E9BA190}"
EndProject
Global
	GlobalSection(SolutionConfigurationPlatforms) = preSolution
		Debug|x64 = Debug|x64
		Debug|x86 = Debug|x86
		Release|x64 = Release|x64
		Release|x86 = Release|x86
	EndGlobalSection
	GlobalSection(ProjectConfigurationPlatforms) = postSolution
		{969F6E9B-5079-4C49-B4D6-CD174E9BA190}.Debug|x64.ActiveCfg = Debug|x64
		{969F6E9B-5079-4C49-B4D6-CD174E9BA190}.Debug|x64.Build.0 = Debug|x64
		{969F6E9B-5079-4C49-B4D6-CD174E9BA190}.Debug|x86.ActiveCfg = Debug|Win32
		{969F6E9B-5079-4C49-B4D6-CD174E9BA190}.Debug|x86.Build.0 = Debug|Win32
		{969F6E9B-5079-4C49-B4D6-CD174E9BA190}.Release|x64.ActiveCfg = Release|x64
		{969F6E9B-5079-4C49-B4D6-CD174E9BA190}.Release|x64.Build.0 = Release|x64
		{969F6E9B-5079-4C49-B4D6-CD174E9BA190}.Release|x86.ActiveCfg = Release|Win32
		{969F6E9B-5079-4C49-B4D6-CD174E9BA190}.Release|x86.Build.0 = Release|Win32
	EndGlobalSection
	GlobalSection(SolutionProperties) = preSolution
		HideSolutionNode = FALSE
	EndGlobalSection
	GlobalSection(ExtensibilityGlobals) = postSolution
		SolutionGuid = {A14F0391-C212-4D06-8C55-A52EF53B5BC3}
	EndGlobalSection
EndGlobal
