
Microsoft Visual Studio Solution File, Format Version 12.00
# Visual Studio 15
VisualStudioVersion = 15.0.28010.2016
MinimumVisualStudioVersion = 10.0.40219.1
Project("{8BC9CEB8-8B4A-11D0-8D11-00A0C91BC942}") = "Project1", "Project1\Project1.vcxproj", "{494B862E-3883-46B8-AC4B-2CEF48A65478}"
EndProject
Global
	GlobalSection(Performance) = preSolution
		HasPerformanceSessions = true
	EndGlobalSection
	GlobalSection(SolutionConfigurationPlatforms) = preSolution
		Debug|x64 = Debug|x64
		Debug|x86 = Debug|x86
		Release|x64 = Release|x64
		Release|x86 = Release|x86
	EndGlobalSection
	GlobalSection(ProjectConfigurationPlatforms) = postSolution
		{494B862E-3883-46B8-AC4B-2CEF48A65478}.Debug|x64.ActiveCfg = Debug|x64
		{494B862E-3883-46B8-AC4B-2CEF48A65478}.Debug|x64.Build.0 = Debug|x64
		{494B862E-3883-46B8-AC4B-2CEF48A65478}.Debug|x86.ActiveCfg = Debug|Win32
		{494B862E-3883-46B8-AC4B-2CEF48A65478}.Debug|x86.Build.0 = Debug|Win32
		{494B862E-3883-46B8-AC4B-2CEF48A65478}.Release|x64.ActiveCfg = Release|x64
		{494B862E-3883-46B8-AC4B-2CEF48A65478}.Release|x64.Build.0 = Release|x64
		{494B862E-3883-46B8-AC4B-2CEF48A65478}.Release|x86.ActiveCfg = Release|Win32
		{494B862E-3883-46B8-AC4B-2CEF48A65478}.Release|x86.Build.0 = Release|Win32
	EndGlobalSection
	GlobalSection(SolutionProperties) = preSolution
		HideSolutionNode = FALSE
	EndGlobalSection
	GlobalSection(ExtensibilityGlobals) = postSolution
		SolutionGuid = {538BBB3D-6040-4BF0-9B37-D373FF002083}
	EndGlobalSection
EndGlobal
