
Microsoft Visual Studio Solution File, Format Version 12.00
# Visual Studio 15
VisualStudioVersion = 15.0.27703.2018
MinimumVisualStudioVersion = 10.0.40219.1
Project("{8BC9CEB8-8B4A-11D0-8D11-00A0C91BC942}") = "WordCount", "WordCount\WordCount.vcxproj", "{E49347AF-88F3-4375-A930-C6B65EC06427}"
EndProject
Project("{8BC9CEB8-8B4A-11D0-8D11-00A0C91BC942}") = "UnitTest1", "UnitTest1\UnitTest1.vcxproj", "{D2DF378D-C7D0-4E47-A845-5CEE65B421C2}"
EndProject
Project("{8BC9CEB8-8B4A-11D0-8D11-00A0C91BC942}") = "UnitTest2", "UnitTest2\UnitTest2.vcxproj", "{DB9BA94A-8F62-426E-8C8E-FC9D770C573F}"
EndProject
Project("{8BC9CEB8-8B4A-11D0-8D11-00A0C91BC942}") = "UnitTest3", "UnitTest3\UnitTest3.vcxproj", "{79B6EC7D-396E-4A3B-9481-9C7C6ABBDBCE}"
EndProject
Project("{8BC9CEB8-8B4A-11D0-8D11-00A0C91BC942}") = "UnitTest4", "UnitTest4\UnitTest4.vcxproj", "{7CE6B41B-31F3-461D-ADA1-54B4669BD663}"
EndProject
Project("{8BC9CEB8-8B4A-11D0-8D11-00A0C91BC942}") = "UnitTest5", "UnitTest5\UnitTest5.vcxproj", "{B5010827-46DB-492C-92C4-73B3259EDF1A}"
EndProject
Project("{8BC9CEB8-8B4A-11D0-8D11-00A0C91BC942}") = "UnitTest6", "UnitTest6\UnitTest6.vcxproj", "{9C3B779F-135B-430F-AF3A-79113D80BA19}"
EndProject
Project("{8BC9CEB8-8B4A-11D0-8D11-00A0C91BC942}") = "UnitTest7", "UnitTest7\UnitTest7.vcxproj", "{3F86AF75-5274-4833-9323-DF833AA6B36B}"
EndProject
Project("{8BC9CEB8-8B4A-11D0-8D11-00A0C91BC942}") = "UnitTest8", "UnitTest8\UnitTest8.vcxproj", "{8643A66A-DFDF-48F8-9961-BB6CD1F3A648}"
EndProject
Project("{8BC9CEB8-8B4A-11D0-8D11-00A0C91BC942}") = "UnitTest9", "UnitTest9\UnitTest9.vcxproj", "{DF489016-6B1B-4FB0-AED6-9807C2603E82}"
EndProject
Project("{8BC9CEB8-8B4A-11D0-8D11-00A0C91BC942}") = "UnitTest10", "UnitTest10\UnitTest10.vcxproj", "{72E95FAC-F88C-412E-AA40-4642EBABFCC2}"
EndProject
Global
	GlobalSection(SolutionConfigurationPlatforms) = preSolution
		Debug|x64 = Debug|x64
		Debug|x86 = Debug|x86
		Release|x64 = Release|x64
		Release|x86 = Release|x86
	EndGlobalSection
	GlobalSection(ProjectConfigurationPlatforms) = postSolution
		{E49347AF-88F3-4375-A930-C6B65EC06427}.Debug|x64.ActiveCfg = Debug|x64
		{E49347AF-88F3-4375-A930-C6B65EC06427}.Debug|x64.Build.0 = Debug|x64
		{E49347AF-88F3-4375-A930-C6B65EC06427}.Debug|x86.ActiveCfg = Debug|Win32
		{E49347AF-88F3-4375-A930-C6B65EC06427}.Debug|x86.Build.0 = Debug|Win32
		{E49347AF-88F3-4375-A930-C6B65EC06427}.Release|x64.ActiveCfg = Release|x64
		{E49347AF-88F3-4375-A930-C6B65EC06427}.Release|x64.Build.0 = Release|x64
		{E49347AF-88F3-4375-A930-C6B65EC06427}.Release|x86.ActiveCfg = Release|Win32
		{E49347AF-88F3-4375-A930-C6B65EC06427}.Release|x86.Build.0 = Release|Win32
		{D2DF378D-C7D0-4E47-A845-5CEE65B421C2}.Debug|x64.ActiveCfg = Debug|x64
		{D2DF378D-C7D0-4E47-A845-5CEE65B421C2}.Debug|x64.Build.0 = Debug|x64
		{D2DF378D-C7D0-4E47-A845-5CEE65B421C2}.Debug|x86.ActiveCfg = Debug|Win32
		{D2DF378D-C7D0-4E47-A845-5CEE65B421C2}.Debug|x86.Build.0 = Debug|Win32
		{D2DF378D-C7D0-4E47-A845-5CEE65B421C2}.Release|x64.ActiveCfg = Release|x64
		{D2DF378D-C7D0-4E47-A845-5CEE65B421C2}.Release|x64.Build.0 = Release|x64
		{D2DF378D-C7D0-4E47-A845-5CEE65B421C2}.Release|x86.ActiveCfg = Release|Win32
		{D2DF378D-C7D0-4E47-A845-5CEE65B421C2}.Release|x86.Build.0 = Release|Win32
		{DB9BA94A-8F62-426E-8C8E-FC9D770C573F}.Debug|x64.ActiveCfg = Debug|x64
		{DB9BA94A-8F62-426E-8C8E-FC9D770C573F}.Debug|x64.Build.0 = Debug|x64
		{DB9BA94A-8F62-426E-8C8E-FC9D770C573F}.Debug|x86.ActiveCfg = Debug|Win32
		{DB9BA94A-8F62-426E-8C8E-FC9D770C573F}.Debug|x86.Build.0 = Debug|Win32
		{DB9BA94A-8F62-426E-8C8E-FC9D770C573F}.Release|x64.ActiveCfg = Release|x64
		{DB9BA94A-8F62-426E-8C8E-FC9D770C573F}.Release|x64.Build.0 = Release|x64
		{DB9BA94A-8F62-426E-8C8E-FC9D770C573F}.Release|x86.ActiveCfg = Release|Win32
		{DB9BA94A-8F62-426E-8C8E-FC9D770C573F}.Release|x86.Build.0 = Release|Win32
		{79B6EC7D-396E-4A3B-9481-9C7C6ABBDBCE}.Debug|x64.ActiveCfg = Debug|x64
		{79B6EC7D-396E-4A3B-9481-9C7C6ABBDBCE}.Debug|x64.Build.0 = Debug|x64
		{79B6EC7D-396E-4A3B-9481-9C7C6ABBDBCE}.Debug|x86.ActiveCfg = Debug|Win32
		{79B6EC7D-396E-4A3B-9481-9C7C6ABBDBCE}.Debug|x86.Build.0 = Debug|Win32
		{79B6EC7D-396E-4A3B-9481-9C7C6ABBDBCE}.Release|x64.ActiveCfg = Release|x64
		{79B6EC7D-396E-4A3B-9481-9C7C6ABBDBCE}.Release|x64.Build.0 = Release|x64
		{79B6EC7D-396E-4A3B-9481-9C7C6ABBDBCE}.Release|x86.ActiveCfg = Release|Win32
		{79B6EC7D-396E-4A3B-9481-9C7C6ABBDBCE}.Release|x86.Build.0 = Release|Win32
		{7CE6B41B-31F3-461D-ADA1-54B4669BD663}.Debug|x64.ActiveCfg = Debug|x64
		{7CE6B41B-31F3-461D-ADA1-54B4669BD663}.Debug|x64.Build.0 = Debug|x64
		{7CE6B41B-31F3-461D-ADA1-54B4669BD663}.Debug|x86.ActiveCfg = Debug|Win32
		{7CE6B41B-31F3-461D-ADA1-54B4669BD663}.Debug|x86.Build.0 = Debug|Win32
		{7CE6B41B-31F3-461D-ADA1-54B4669BD663}.Release|x64.ActiveCfg = Release|x64
		{7CE6B41B-31F3-461D-ADA1-54B4669BD663}.Release|x64.Build.0 = Release|x64
		{7CE6B41B-31F3-461D-ADA1-54B4669BD663}.Release|x86.ActiveCfg = Release|Win32
		{7CE6B41B-31F3-461D-ADA1-54B4669BD663}.Release|x86.Build.0 = Release|Win32
		{B5010827-46DB-492C-92C4-73B3259EDF1A}.Debug|x64.ActiveCfg = Debug|x64
		{B5010827-46DB-492C-92C4-73B3259EDF1A}.Debug|x64.Build.0 = Debug|x64
		{B5010827-46DB-492C-92C4-73B3259EDF1A}.Debug|x86.ActiveCfg = Debug|Win32
		{B5010827-46DB-492C-92C4-73B3259EDF1A}.Debug|x86.Build.0 = Debug|Win32
		{B5010827-46DB-492C-92C4-73B3259EDF1A}.Release|x64.ActiveCfg = Release|x64
		{B5010827-46DB-492C-92C4-73B3259EDF1A}.Release|x64.Build.0 = Release|x64
		{B5010827-46DB-492C-92C4-73B3259EDF1A}.Release|x86.ActiveCfg = Release|Win32
		{B5010827-46DB-492C-92C4-73B3259EDF1A}.Release|x86.Build.0 = Release|Win32
		{9C3B779F-135B-430F-AF3A-79113D80BA19}.Debug|x64.ActiveCfg = Debug|x64
		{9C3B779F-135B-430F-AF3A-79113D80BA19}.Debug|x64.Build.0 = Debug|x64
		{9C3B779F-135B-430F-AF3A-79113D80BA19}.Debug|x86.ActiveCfg = Debug|Win32
		{9C3B779F-135B-430F-AF3A-79113D80BA19}.Debug|x86.Build.0 = Debug|Win32
		{9C3B779F-135B-430F-AF3A-79113D80BA19}.Release|x64.ActiveCfg = Release|x64
		{9C3B779F-135B-430F-AF3A-79113D80BA19}.Release|x64.Build.0 = Release|x64
		{9C3B779F-135B-430F-AF3A-79113D80BA19}.Release|x86.ActiveCfg = Release|Win32
		{9C3B779F-135B-430F-AF3A-79113D80BA19}.Release|x86.Build.0 = Release|Win32
		{3F86AF75-5274-4833-9323-DF833AA6B36B}.Debug|x64.ActiveCfg = Debug|x64
		{3F86AF75-5274-4833-9323-DF833AA6B36B}.Debug|x64.Build.0 = Debug|x64
		{3F86AF75-5274-4833-9323-DF833AA6B36B}.Debug|x86.ActiveCfg = Debug|Win32
		{3F86AF75-5274-4833-9323-DF833AA6B36B}.Debug|x86.Build.0 = Debug|Win32
		{3F86AF75-5274-4833-9323-DF833AA6B36B}.Release|x64.ActiveCfg = Release|x64
		{3F86AF75-5274-4833-9323-DF833AA6B36B}.Release|x64.Build.0 = Release|x64
		{3F86AF75-5274-4833-9323-DF833AA6B36B}.Release|x86.ActiveCfg = Release|Win32
		{3F86AF75-5274-4833-9323-DF833AA6B36B}.Release|x86.Build.0 = Release|Win32
		{8643A66A-DFDF-48F8-9961-BB6CD1F3A648}.Debug|x64.ActiveCfg = Debug|x64
		{8643A66A-DFDF-48F8-9961-BB6CD1F3A648}.Debug|x64.Build.0 = Debug|x64
		{8643A66A-DFDF-48F8-9961-BB6CD1F3A648}.Debug|x86.ActiveCfg = Debug|Win32
		{8643A66A-DFDF-48F8-9961-BB6CD1F3A648}.Debug|x86.Build.0 = Debug|Win32
		{8643A66A-DFDF-48F8-9961-BB6CD1F3A648}.Release|x64.ActiveCfg = Release|x64
		{8643A66A-DFDF-48F8-9961-BB6CD1F3A648}.Release|x64.Build.0 = Release|x64
		{8643A66A-DFDF-48F8-9961-BB6CD1F3A648}.Release|x86.ActiveCfg = Release|Win32
		{8643A66A-DFDF-48F8-9961-BB6CD1F3A648}.Release|x86.Build.0 = Release|Win32
		{DF489016-6B1B-4FB0-AED6-9807C2603E82}.Debug|x64.ActiveCfg = Debug|x64
		{DF489016-6B1B-4FB0-AED6-9807C2603E82}.Debug|x64.Build.0 = Debug|x64
		{DF489016-6B1B-4FB0-AED6-9807C2603E82}.Debug|x86.ActiveCfg = Debug|Win32
		{DF489016-6B1B-4FB0-AED6-9807C2603E82}.Debug|x86.Build.0 = Debug|Win32
		{DF489016-6B1B-4FB0-AED6-9807C2603E82}.Release|x64.ActiveCfg = Release|x64
		{DF489016-6B1B-4FB0-AED6-9807C2603E82}.Release|x64.Build.0 = Release|x64
		{DF489016-6B1B-4FB0-AED6-9807C2603E82}.Release|x86.ActiveCfg = Release|Win32
		{DF489016-6B1B-4FB0-AED6-9807C2603E82}.Release|x86.Build.0 = Release|Win32
		{72E95FAC-F88C-412E-AA40-4642EBABFCC2}.Debug|x64.ActiveCfg = Debug|x64
		{72E95FAC-F88C-412E-AA40-4642EBABFCC2}.Debug|x64.Build.0 = Debug|x64
		{72E95FAC-F88C-412E-AA40-4642EBABFCC2}.Debug|x86.ActiveCfg = Debug|Win32
		{72E95FAC-F88C-412E-AA40-4642EBABFCC2}.Debug|x86.Build.0 = Debug|Win32
		{72E95FAC-F88C-412E-AA40-4642EBABFCC2}.Release|x64.ActiveCfg = Release|x64
		{72E95FAC-F88C-412E-AA40-4642EBABFCC2}.Release|x64.Build.0 = Release|x64
		{72E95FAC-F88C-412E-AA40-4642EBABFCC2}.Release|x86.ActiveCfg = Release|Win32
		{72E95FAC-F88C-412E-AA40-4642EBABFCC2}.Release|x86.Build.0 = Release|Win32
	EndGlobalSection
	GlobalSection(SolutionProperties) = preSolution
		HideSolutionNode = FALSE
	EndGlobalSection
	GlobalSection(ExtensibilityGlobals) = postSolution
		SolutionGuid = {16DC877D-50A2-410C-850F-02BA67268F59}
	EndGlobalSection
EndGlobal
